PODS:
  - HMACSigner (1.0.0)
  - Mockingjay (2.0.0):
    - Mockingjay/Core (= 2.0.0)
    - Mockingjay/XCTest (= 2.0.0)
  - Mockingjay/Core (2.0.0):
    - URITemplate (~> 2.0)
  - Mockingjay/XCTest (2.0.0):
    - Mockingjay/Core
  - MrThumb (0.1.0):
    - HMACSigner (~> 1.0)
  - Nimble (5.1.1)
  - Quick (0.10.0)
  - URITemplate (2.0.0)

DEPENDENCIES:
  - Mockingjay (~> 2.0)
  - MrThumb (from `../`)
  - Nimble (~> 5.1)
  - Quick (~> 0.10)

EXTERNAL SOURCES:
  MrThumb:
    :path: "../"

SPEC CHECKSUMS:
  HMACSigner: ff6161dbd56e8ab1da7c864f59bc317f190fd0c3
  Mockingjay: 7122a3fc0597aa63438e4cd9b71b7bc8aac05b87
  MrThumb: 63071f444f00d09ddd4212ce51462faee469aca1
  Nimble: 415e3aa3267e7bc2c96b05fa814ddea7bb686a29
  Quick: 5d290df1c69d5ee2f0729956dcf0fd9a30447eaa
  URITemplate: a5acb3f76c6a2338116fde88b658d83f91bbac45

PODFILE CHECKSUM: 5677042b04919fa5c0d8c26b3b7bdbef5cd04e81

COCOAPODS: 1.2.0.beta.1
